PODS:
  - Charts (3.6.0):
    - Charts/Core (= 3.6.0)
  - Charts/Core (3.6.0)
  - SwiftyGif (5.4.0)

DEPENDENCIES:
  - Charts
  - SwiftyGif

SPEC REPOS:
  trunk:
    - Charts
    - SwiftyGif

SPEC CHECKSUMS:
  Charts: b1e3a1f5a1c9ba5394438ca3b91bd8c9076310af
  SwiftyGif: 5d4af95df24caf1c570dbbcb32a3b8a0763bc6d7

PODFILE CHECKSUM: c30422b1f8e1188c28eedd3ba523aff6380fffde

COCOAPODS: 1.10.0
